
Microsoft Visual Studio Solution File, Format Version 12.00
# Visual Studio 15
VisualStudioVersion = 15.0.27428.2043
MinimumVisualStudioVersion = 10.0.40219.1
Project("{FAE04EC0-301F-11D3-BF4B-00C04F79EFBC}") = "EstruturaCshap", "EstruturaCshap\EstruturaCshap.csproj", "{F8C2E8AF-A35B-45E3-841A-2B717635F242}"
EndProject
Project("{FAE04EC0-301F-11D3-BF4B-00C04F79EFBC}") = "Constutores_Overloads", "Constutores_Overloads\Constutores_Overloads.csproj", "{5C4687BD-E69D-45CA-A669-39382C3A72B2}"
EndProject
Global
	GlobalSection(SolutionConfigurationPlatforms) = preSolution
		Debug|Any CPU = Debug|Any CPU
		Release|Any CPU = Release|Any CPU
	EndGlobalSection
	GlobalSection(ProjectConfigurationPlatforms) = postSolution
		{F8C2E8AF-A35B-45E3-841A-2B717635F242}.Debug|Any CPU.ActiveCfg = Debug|Any CPU
		{F8C2E8AF-A35B-45E3-841A-2B717635F242}.Debug|Any CPU.Build.0 = Debug|Any CPU
		{F8C2E8AF-A35B-45E3-841A-2B717635F242}.Release|Any CPU.ActiveCfg = Release|Any CPU
		{F8C2E8AF-A35B-45E3-841A-2B717635F242}.Release|Any CPU.Build.0 = Release|Any CPU
		{5C4687BD-E69D-45CA-A669-39382C3A72B2}.Debug|Any CPU.ActiveCfg = Debug|Any CPU
		{5C4687BD-E69D-45CA-A669-39382C3A72B2}.Debug|Any CPU.Build.0 = Debug|Any CPU
		{5C4687BD-E69D-45CA-A669-39382C3A72B2}.Release|Any CPU.ActiveCfg = Release|Any CPU
		{5C4687BD-E69D-45CA-A669-39382C3A72B2}.Release|Any CPU.Build.0 = Release|Any CPU
	EndGlobalSection
	GlobalSection(SolutionProperties) = preSolution
		HideSolutionNode = FALSE
	EndGlobalSection
	GlobalSection(ExtensibilityGlobals) = postSolution
		SolutionGuid = {FB6687E0-73FD-44AA-970E-750046128B7A}
	EndGlobalSection
EndGlobal
